
Microsoft Visual Studio Solution File, Format Version 12.00
# Visual Studio Version 17
VisualStudioVersion = 17.8.34525.116
MinimumVisualStudioVersion = 10.0.40219.1
Project("{2150E333-8FDC-42A3-9474-1A3956D46DE8}") = "src", "src", "{47BFA302-2E31-42B2-819C-806E3BA314B0}"
EndProject
Project("{9A19103F-16F7-4668-BE54-9A1E7A4F7556}") = "Products.Domain", "Services\Microservice.Products\Products.Domain\Products.Domain.csproj", "{32AAE294-44DD-44FA-A0C8-647A66A4CFBE}"
EndProject
Project("{9A19103F-16F7-4668-BE54-9A1E7A4F7556}") = "Products.Application", "Services\Microservice.Products\Products.Application\Products.Application.csproj", "{E867E83B-279D-4889-8666-9E065699177E}"
EndProject
Project("{9A19103F-16F7-4668-BE54-9A1E7A4F7556}") = "Products.Infrastructure", "Services\Microservice.Products\Products.Infrastructure\Products.Infrastructure.csproj", "{76B7F5B0-7D48-4838-AC2E-7C12E6F4F4F8}"
EndProject
Project("{9A19103F-16F7-4668-BE54-9A1E7A4F7556}") = "Products.API", "Services\Microservice.Products\Products.API\Products.API.csproj", "{10E5E43E-EF50-4FD0-B9D5-E4A2C121F713}"
	ProjectSection(ProjectDependencies) = postProject
		{CDD4DB00-6BED-4653-820D-391D98A4FEBD} = {CDD4DB00-6BED-4653-820D-391D98A4FEBD}
	EndProjectSection
EndProject
Project("{2150E333-8FDC-42A3-9474-1A3956D46DE8}") = "Microservice.Products", "Microservice.Products", "{48C0FD2B-2654-4674-97F0-C610D40002A4}"
EndProject
Project("{2150E333-8FDC-42A3-9474-1A3956D46DE8}") = "Microservice", "Microservice", "{8E3D7514-F065-49C2-BB3F-6DC571354C2F}"
EndProject
Project("{2150E333-8FDC-42A3-9474-1A3956D46DE8}") = "Services", "Services", "{6B3F4AA0-4FF3-4918-9184-63BD6C413D2E}"
EndProject
Project("{2150E333-8FDC-42A3-9474-1A3956D46DE8}") = "Infrastructure", "Infrastructure", "{5AB69370-C68B-41C9-8AB6-2E9A4652312C}"
EndProject
Project("{2150E333-8FDC-42A3-9474-1A3956D46DE8}") = "MassTransit", "MassTransit", "{713041D6-F60F-44D3-958A-80CB599B1FEF}"
EndProject
Project("{9A19103F-16F7-4668-BE54-9A1E7A4F7556}") = "MassTransit.Contract", "Infrastructure\MassTransit.Contract\MassTransit.Contract.csproj", "{CDD4DB00-6BED-4653-820D-391D98A4FEBD}"
EndProject
Project("{2150E333-8FDC-42A3-9474-1A3956D46DE8}") = "Microservice.Carts", "Microservice.Carts", "{71D9D4A7-7F52-4461-B051-D41C411E7E26}"
EndProject
Project("{9A19103F-16F7-4668-BE54-9A1E7A4F7556}") = "Carts.Api", "Services\Microservice.Carts\Carts.Api\Carts.Api.csproj", "{80DD12D5-DC31-4F2C-80FD-912D62DA2B8E}"
EndProject
Project("{9A19103F-16F7-4668-BE54-9A1E7A4F7556}") = "Carts.Domain", "Services\Microservice.Carts\Carts.Domain\Carts.Domain.csproj", "{3B3B459A-EF70-4714-B55F-4D0E5B1A8B9D}"
EndProject
Project("{9A19103F-16F7-4668-BE54-9A1E7A4F7556}") = "Carts.Application", "Services\Microservice.Carts\Carts.Application\Carts.Application.csproj", "{00739C83-4936-4DAA-928A-23CCBF7BE62C}"
EndProject
Project("{9A19103F-16F7-4668-BE54-9A1E7A4F7556}") = "Carts.Infrastructure", "Services\Microservice.Carts\Carts.Infrastructure\Carts.Infrastructure.csproj", "{49B34DF7-A1F2-4F6E-918A-B03E94B9FD33}"
EndProject
Project("{2150E333-8FDC-42A3-9474-1A3956D46DE8}") = "Microservice.Users", "Microservice.Users", "{BAA144DE-F7A1-4766-9495-36983B534338}"
EndProject
Project("{FAE04EC0-301F-11D3-BF4B-00C04F79EFBC}") = "Users.Api", "Services\Microservice.Users\Users.Api\Users.Api.csproj", "{64AD3AA7-8B35-4B8F-9B09-49561356B32D}"
EndProject
Project("{FAE04EC0-301F-11D3-BF4B-00C04F79EFBC}") = "Users.Domain", "Services\Microservice.Users\Users.Domain\Users.Domain.csproj", "{082401B4-3452-47FD-A736-25E8DCE6BC3E}"
EndProject
Project("{FAE04EC0-301F-11D3-BF4B-00C04F79EFBC}") = "Users.Application", "Services\Microservice.Users\Users.Application\Users.Application.csproj", "{C8BE0A12-8C20-4F5D-8132-F67A794ACC94}"
EndProject
Project("{FAE04EC0-301F-11D3-BF4B-00C04F79EFBC}") = "Users.Infrastructure", "Services\Microservice.Users\Users.Infrastructure\Users.Infrastructure.csproj", "{DA7417BF-7E7B-4DD0-BFB7-133C69415025}"
EndProject
Global
	GlobalSection(SolutionConfigurationPlatforms) = preSolution
		Debug|Any CPU = Debug|Any CPU
		Release|Any CPU = Release|Any CPU
	EndGlobalSection
	GlobalSection(ProjectConfigurationPlatforms) = postSolution
		{32AAE294-44DD-44FA-A0C8-647A66A4CFBE}.Debug|Any CPU.ActiveCfg = Debug|Any CPU
		{32AAE294-44DD-44FA-A0C8-647A66A4CFBE}.Debug|Any CPU.Build.0 = Debug|Any CPU
		{32AAE294-44DD-44FA-A0C8-647A66A4CFBE}.Release|Any CPU.ActiveCfg = Release|Any CPU
		{32AAE294-44DD-44FA-A0C8-647A66A4CFBE}.Release|Any CPU.Build.0 = Release|Any CPU
		{E867E83B-279D-4889-8666-9E065699177E}.Debug|Any CPU.ActiveCfg = Debug|Any CPU
		{E867E83B-279D-4889-8666-9E065699177E}.Debug|Any CPU.Build.0 = Debug|Any CPU
		{E867E83B-279D-4889-8666-9E065699177E}.Release|Any CPU.ActiveCfg = Release|Any CPU
		{E867E83B-279D-4889-8666-9E065699177E}.Release|Any CPU.Build.0 = Release|Any CPU
		{76B7F5B0-7D48-4838-AC2E-7C12E6F4F4F8}.Debug|Any CPU.ActiveCfg = Debug|Any CPU
		{76B7F5B0-7D48-4838-AC2E-7C12E6F4F4F8}.Debug|Any CPU.Build.0 = Debug|Any CPU
		{76B7F5B0-7D48-4838-AC2E-7C12E6F4F4F8}.Release|Any CPU.ActiveCfg = Release|Any CPU
		{76B7F5B0-7D48-4838-AC2E-7C12E6F4F4F8}.Release|Any CPU.Build.0 = Release|Any CPU
		{10E5E43E-EF50-4FD0-B9D5-E4A2C121F713}.Debug|Any CPU.ActiveCfg = Debug|Any CPU
		{10E5E43E-EF50-4FD0-B9D5-E4A2C121F713}.Debug|Any CPU.Build.0 = Debug|Any CPU
		{10E5E43E-EF50-4FD0-B9D5-E4A2C121F713}.Release|Any CPU.ActiveCfg = Release|Any CPU
		{10E5E43E-EF50-4FD0-B9D5-E4A2C121F713}.Release|Any CPU.Build.0 = Release|Any CPU
		{CDD4DB00-6BED-4653-820D-391D98A4FEBD}.Debug|Any CPU.ActiveCfg = Debug|Any CPU
		{CDD4DB00-6BED-4653-820D-391D98A4FEBD}.Debug|Any CPU.Build.0 = Debug|Any CPU
		{CDD4DB00-6BED-4653-820D-391D98A4FEBD}.Release|Any CPU.ActiveCfg = Release|Any CPU
		{CDD4DB00-6BED-4653-820D-391D98A4FEBD}.Release|Any CPU.Build.0 = Release|Any CPU
		{80DD12D5-DC31-4F2C-80FD-912D62DA2B8E}.Debug|Any CPU.ActiveCfg = Debug|Any CPU
		{80DD12D5-DC31-4F2C-80FD-912D62DA2B8E}.Debug|Any CPU.Build.0 = Debug|Any CPU
		{80DD12D5-DC31-4F2C-80FD-912D62DA2B8E}.Release|Any CPU.ActiveCfg = Release|Any CPU
		{80DD12D5-DC31-4F2C-80FD-912D62DA2B8E}.Release|Any CPU.Build.0 = Release|Any CPU
		{3B3B459A-EF70-4714-B55F-4D0E5B1A8B9D}.Debug|Any CPU.ActiveCfg = Debug|Any CPU
		{3B3B459A-EF70-4714-B55F-4D0E5B1A8B9D}.Debug|Any CPU.Build.0 = Debug|Any CPU
		{3B3B459A-EF70-4714-B55F-4D0E5B1A8B9D}.Release|Any CPU.ActiveCfg = Release|Any CPU
		{3B3B459A-EF70-4714-B55F-4D0E5B1A8B9D}.Release|Any CPU.Build.0 = Release|Any CPU
		{00739C83-4936-4DAA-928A-23CCBF7BE62C}.Debug|Any CPU.ActiveCfg = Debug|Any CPU
		{00739C83-4936-4DAA-928A-23CCBF7BE62C}.Debug|Any CPU.Build.0 = Debug|Any CPU
		{00739C83-4936-4DAA-928A-23CCBF7BE62C}.Release|Any CPU.ActiveCfg = Release|Any CPU
		{00739C83-4936-4DAA-928A-23CCBF7BE62C}.Release|Any CPU.Build.0 = Release|Any CPU
		{49B34DF7-A1F2-4F6E-918A-B03E94B9FD33}.Debug|Any CPU.ActiveCfg = Debug|Any CPU
		{49B34DF7-A1F2-4F6E-918A-B03E94B9FD33}.Debug|Any CPU.Build.0 = Debug|Any CPU
		{49B34DF7-A1F2-4F6E-918A-B03E94B9FD33}.Release|Any CPU.ActiveCfg = Release|Any CPU
		{49B34DF7-A1F2-4F6E-918A-B03E94B9FD33}.Release|Any CPU.Build.0 = Release|Any CPU
		{64AD3AA7-8B35-4B8F-9B09-49561356B32D}.Debug|Any CPU.ActiveCfg = Debug|Any CPU
		{64AD3AA7-8B35-4B8F-9B09-49561356B32D}.Debug|Any CPU.Build.0 = Debug|Any CPU
		{64AD3AA7-8B35-4B8F-9B09-49561356B32D}.Release|Any CPU.ActiveCfg = Release|Any CPU
		{64AD3AA7-8B35-4B8F-9B09-49561356B32D}.Release|Any CPU.Build.0 = Release|Any CPU
		{082401B4-3452-47FD-A736-25E8DCE6BC3E}.Debug|Any CPU.ActiveCfg = Debug|Any CPU
		{082401B4-3452-47FD-A736-25E8DCE6BC3E}.Debug|Any CPU.Build.0 = Debug|Any CPU
		{082401B4-3452-47FD-A736-25E8DCE6BC3E}.Release|Any CPU.ActiveCfg = Release|Any CPU
		{082401B4-3452-47FD-A736-25E8DCE6BC3E}.Release|Any CPU.Build.0 = Release|Any CPU
		{C8BE0A12-8C20-4F5D-8132-F67A794ACC94}.Debug|Any CPU.ActiveCfg = Debug|Any CPU
		{C8BE0A12-8C20-4F5D-8132-F67A794ACC94}.Debug|Any CPU.Build.0 = Debug|Any CPU
		{C8BE0A12-8C20-4F5D-8132-F67A794ACC94}.Release|Any CPU.ActiveCfg = Release|Any CPU
		{C8BE0A12-8C20-4F5D-8132-F67A794ACC94}.Release|Any CPU.Build.0 = Release|Any CPU
		{DA7417BF-7E7B-4DD0-BFB7-133C69415025}.Debug|Any CPU.ActiveCfg = Debug|Any CPU
		{DA7417BF-7E7B-4DD0-BFB7-133C69415025}.Debug|Any CPU.Build.0 = Debug|Any CPU
		{DA7417BF-7E7B-4DD0-BFB7-133C69415025}.Release|Any CPU.ActiveCfg = Release|Any CPU
		{DA7417BF-7E7B-4DD0-BFB7-133C69415025}.Release|Any CPU.Build.0 = Release|Any CPU
	EndGlobalSection
	GlobalSection(SolutionProperties) = preSolution
		HideSolutionNode = FALSE
	EndGlobalSection
	GlobalSection(NestedProjects) = preSolution
		{32AAE294-44DD-44FA-A0C8-647A66A4CFBE} = {48C0FD2B-2654-4674-97F0-C610D40002A4}
		{E867E83B-279D-4889-8666-9E065699177E} = {48C0FD2B-2654-4674-97F0-C610D40002A4}
		{76B7F5B0-7D48-4838-AC2E-7C12E6F4F4F8} = {48C0FD2B-2654-4674-97F0-C610D40002A4}
		{10E5E43E-EF50-4FD0-B9D5-E4A2C121F713} = {48C0FD2B-2654-4674-97F0-C610D40002A4}
		{48C0FD2B-2654-4674-97F0-C610D40002A4} = {6B3F4AA0-4FF3-4918-9184-63BD6C413D2E}
		{6B3F4AA0-4FF3-4918-9184-63BD6C413D2E} = {47BFA302-2E31-42B2-819C-806E3BA314B0}
		{5AB69370-C68B-41C9-8AB6-2E9A4652312C} = {47BFA302-2E31-42B2-819C-806E3BA314B0}
		{713041D6-F60F-44D3-958A-80CB599B1FEF} = {5AB69370-C68B-41C9-8AB6-2E9A4652312C}
		{CDD4DB00-6BED-4653-820D-391D98A4FEBD} = {713041D6-F60F-44D3-958A-80CB599B1FEF}
		{71D9D4A7-7F52-4461-B051-D41C411E7E26} = {6B3F4AA0-4FF3-4918-9184-63BD6C413D2E}
		{80DD12D5-DC31-4F2C-80FD-912D62DA2B8E} = {71D9D4A7-7F52-4461-B051-D41C411E7E26}
		{3B3B459A-EF70-4714-B55F-4D0E5B1A8B9D} = {71D9D4A7-7F52-4461-B051-D41C411E7E26}
		{00739C83-4936-4DAA-928A-23CCBF7BE62C} = {71D9D4A7-7F52-4461-B051-D41C411E7E26}
		{49B34DF7-A1F2-4F6E-918A-B03E94B9FD33} = {71D9D4A7-7F52-4461-B051-D41C411E7E26}
		{BAA144DE-F7A1-4766-9495-36983B534338} = {6B3F4AA0-4FF3-4918-9184-63BD6C413D2E}
		{64AD3AA7-8B35-4B8F-9B09-49561356B32D} = {BAA144DE-F7A1-4766-9495-36983B534338}
		{082401B4-3452-47FD-A736-25E8DCE6BC3E} = {BAA144DE-F7A1-4766-9495-36983B534338}
		{C8BE0A12-8C20-4F5D-8132-F67A794ACC94} = {BAA144DE-F7A1-4766-9495-36983B534338}
		{DA7417BF-7E7B-4DD0-BFB7-133C69415025} = {BAA144DE-F7A1-4766-9495-36983B534338}
	EndGlobalSection
	GlobalSection(ExtensibilityGlobals) = postSolution
		SolutionGuid = {7CC5EDDF-EB34-43B1-A27A-1EE4C0A393A6}
	EndGlobalSection
EndGlobal
