
Microsoft Visual Studio Solution File, Format Version 12.00
# Visual Studio Version 17
VisualStudioVersion = 17.8.34525.116
MinimumVisualStudioVersion = 10.0.40219.1
Project("{2150E333-8FDC-42A3-9474-1A3956D46DE8}") = "src", "src", "{47BFA302-2E31-42B2-819C-806E3BA314B0}"
EndProject
Project("{9A19103F-16F7-4668-BE54-9A1E7A4F7556}") = "Products.Domain", "Services\Microservice.Products\Products.Domain\Products.Domain.csproj", "{32AAE294-44DD-44FA-A0C8-647A66A4CFBE}"
EndProject
Project("{9A19103F-16F7-4668-BE54-9A1E7A4F7556}") = "Products.Application", "Services\Microservice.Products\Products.Application\Products.Application.csproj", "{E867E83B-279D-4889-8666-9E065699177E}"
EndProject
Project("{9A19103F-16F7-4668-BE54-9A1E7A4F7556}") = "Products.Infrastructure", "Services\Microservice.Products\Products.Infrastructure\Products.Infrastructure.csproj", "{76B7F5B0-7D48-4838-AC2E-7C12E6F4F4F8}"
EndProject
Project("{9A19103F-16F7-4668-BE54-9A1E7A4F7556}") = "Products.API", "Services\Microservice.Products\Products.API\Products.API.csproj", "{10E5E43E-EF50-4FD0-B9D5-E4A2C121F713}"
	ProjectSection(ProjectDependencies) = postProject
		{CDD4DB00-6BED-4653-820D-391D98A4FEBD} = {CDD4DB00-6BED-4653-820D-391D98A4FEBD}
	EndProjectSection
EndProject
Project("{2150E333-8FDC-42A3-9474-1A3956D46DE8}") = "Microservice.Products", "Microservice.Products", "{48C0FD2B-2654-4674-97F0-C610D40002A4}"
EndProject
Project("{2150E333-8FDC-42A3-9474-1A3956D46DE8}") = "Microservice", "Microservice", "{8E3D7514-F065-49C2-BB3F-6DC571354C2F}"
EndProject
Project("{9A19103F-16F7-4668-BE54-9A1E7A4F7556}") = "Cart.Domain", "Services\Microservice.Cart\Cart.Domain\Cart.Domain.csproj", "{2AD25E1F-4EFD-4B91-A825-9DF2A13A102F}"
EndProject
Project("{2150E333-8FDC-42A3-9474-1A3956D46DE8}") = "Services", "Services", "{6B3F4AA0-4FF3-4918-9184-63BD6C413D2E}"
EndProject
Project("{2150E333-8FDC-42A3-9474-1A3956D46DE8}") = "Infrastructure", "Infrastructure", "{5AB69370-C68B-41C9-8AB6-2E9A4652312C}"
EndProject
Project("{2150E333-8FDC-42A3-9474-1A3956D46DE8}") = "MassTransit", "MassTransit", "{713041D6-F60F-44D3-958A-80CB599B1FEF}"
EndProject
Project("{9A19103F-16F7-4668-BE54-9A1E7A4F7556}") = "MassTransit.Contract", "Infrastructure\MassTransit.Contract\MassTransit.Contract.csproj", "{CDD4DB00-6BED-4653-820D-391D98A4FEBD}"
EndProject
Project("{FAE04EC0-301F-11D3-BF4B-00C04F79EFBC}") = "Cart.Application", "Cart.Application\Cart.Application.csproj", "{67F6FA7B-F12B-4204-94B3-08DE8AC92C26}"
EndProject
Project("{FAE04EC0-301F-11D3-BF4B-00C04F79EFBC}") = "Carts.Infrastructure", "Carts.Infrastructure\Carts.Infrastructure.csproj", "{45A93A0A-A778-4886-AC22-F68FCCD43920}"
EndProject
Project("{FAE04EC0-301F-11D3-BF4B-00C04F79EFBC}") = "Cart.Api", "Cart.Api\Cart.Api.csproj", "{BDACE645-3104-4E69-9497-E5C25990AB2C}"
EndProject
Project("{2150E333-8FDC-42A3-9474-1A3956D46DE8}") = "Microservice.Carts", "Microservice.Carts", "{2788517E-CFDD-4712-8421-0AA1697F0417}"
EndProject
Project("{FAE04EC0-301F-11D3-BF4B-00C04F79EFBC}") = "Carts.Domain", "Carts.Domain\Carts.Domain.csproj", "{321A1BE0-E19E-4B1B-9720-D46998B3B119}"
EndProject
Project("{FAE04EC0-301F-11D3-BF4B-00C04F79EFBC}") = "Carts.Application", "Carts.Application\Carts.Application.csproj", "{D0ECAB3B-EEC6-4E61-9CD0-DDE1D03B97C2}"
EndProject
Project("{FAE04EC0-301F-11D3-BF4B-00C04F79EFBC}") = "Carts.Api", "Carts.Api\Carts.Api.csproj", "{4840B4AF-B941-4173-BE07-DCB2DF177E1A}"
EndProject
Global
	GlobalSection(SolutionConfigurationPlatforms) = preSolution
		Debug|Any CPU = Debug|Any CPU
		Release|Any CPU = Release|Any CPU
	EndGlobalSection
	GlobalSection(ProjectConfigurationPlatforms) = postSolution
		{32AAE294-44DD-44FA-A0C8-647A66A4CFBE}.Debug|Any CPU.ActiveCfg = Debug|Any CPU
		{32AAE294-44DD-44FA-A0C8-647A66A4CFBE}.Debug|Any CPU.Build.0 = Debug|Any CPU
		{32AAE294-44DD-44FA-A0C8-647A66A4CFBE}.Release|Any CPU.ActiveCfg = Release|Any CPU
		{32AAE294-44DD-44FA-A0C8-647A66A4CFBE}.Release|Any CPU.Build.0 = Release|Any CPU
		{E867E83B-279D-4889-8666-9E065699177E}.Debug|Any CPU.ActiveCfg = Debug|Any CPU
		{E867E83B-279D-4889-8666-9E065699177E}.Debug|Any CPU.Build.0 = Debug|Any CPU
		{E867E83B-279D-4889-8666-9E065699177E}.Release|Any CPU.ActiveCfg = Release|Any CPU
		{E867E83B-279D-4889-8666-9E065699177E}.Release|Any CPU.Build.0 = Release|Any CPU
		{76B7F5B0-7D48-4838-AC2E-7C12E6F4F4F8}.Debug|Any CPU.ActiveCfg = Debug|Any CPU
		{76B7F5B0-7D48-4838-AC2E-7C12E6F4F4F8}.Debug|Any CPU.Build.0 = Debug|Any CPU
		{76B7F5B0-7D48-4838-AC2E-7C12E6F4F4F8}.Release|Any CPU.ActiveCfg = Release|Any CPU
		{76B7F5B0-7D48-4838-AC2E-7C12E6F4F4F8}.Release|Any CPU.Build.0 = Release|Any CPU
		{10E5E43E-EF50-4FD0-B9D5-E4A2C121F713}.Debug|Any CPU.ActiveCfg = Debug|Any CPU
		{10E5E43E-EF50-4FD0-B9D5-E4A2C121F713}.Debug|Any CPU.Build.0 = Debug|Any CPU
		{10E5E43E-EF50-4FD0-B9D5-E4A2C121F713}.Release|Any CPU.ActiveCfg = Release|Any CPU
		{10E5E43E-EF50-4FD0-B9D5-E4A2C121F713}.Release|Any CPU.Build.0 = Release|Any CPU
		{2AD25E1F-4EFD-4B91-A825-9DF2A13A102F}.Debug|Any CPU.ActiveCfg = Debug|Any CPU
		{2AD25E1F-4EFD-4B91-A825-9DF2A13A102F}.Debug|Any CPU.Build.0 = Debug|Any CPU
		{2AD25E1F-4EFD-4B91-A825-9DF2A13A102F}.Release|Any CPU.ActiveCfg = Release|Any CPU
		{2AD25E1F-4EFD-4B91-A825-9DF2A13A102F}.Release|Any CPU.Build.0 = Release|Any CPU
		{CDD4DB00-6BED-4653-820D-391D98A4FEBD}.Debug|Any CPU.ActiveCfg = Debug|Any CPU
		{CDD4DB00-6BED-4653-820D-391D98A4FEBD}.Debug|Any CPU.Build.0 = Debug|Any CPU
		{CDD4DB00-6BED-4653-820D-391D98A4FEBD}.Release|Any CPU.ActiveCfg = Release|Any CPU
		{CDD4DB00-6BED-4653-820D-391D98A4FEBD}.Release|Any CPU.Build.0 = Release|Any CPU
		{67F6FA7B-F12B-4204-94B3-08DE8AC92C26}.Debug|Any CPU.ActiveCfg = Debug|Any CPU
		{67F6FA7B-F12B-4204-94B3-08DE8AC92C26}.Debug|Any CPU.Build.0 = Debug|Any CPU
		{67F6FA7B-F12B-4204-94B3-08DE8AC92C26}.Release|Any CPU.ActiveCfg = Release|Any CPU
		{67F6FA7B-F12B-4204-94B3-08DE8AC92C26}.Release|Any CPU.Build.0 = Release|Any CPU
		{45A93A0A-A778-4886-AC22-F68FCCD43920}.Debug|Any CPU.ActiveCfg = Debug|Any CPU
		{45A93A0A-A778-4886-AC22-F68FCCD43920}.Debug|Any CPU.Build.0 = Debug|Any CPU
		{45A93A0A-A778-4886-AC22-F68FCCD43920}.Release|Any CPU.ActiveCfg = Release|Any CPU
		{45A93A0A-A778-4886-AC22-F68FCCD43920}.Release|Any CPU.Build.0 = Release|Any CPU
		{BDACE645-3104-4E69-9497-E5C25990AB2C}.Debug|Any CPU.ActiveCfg = Debug|Any CPU
		{BDACE645-3104-4E69-9497-E5C25990AB2C}.Debug|Any CPU.Build.0 = Debug|Any CPU
		{BDACE645-3104-4E69-9497-E5C25990AB2C}.Release|Any CPU.ActiveCfg = Release|Any CPU
		{BDACE645-3104-4E69-9497-E5C25990AB2C}.Release|Any CPU.Build.0 = Release|Any CPU
		{321A1BE0-E19E-4B1B-9720-D46998B3B119}.Debug|Any CPU.ActiveCfg = Debug|Any CPU
		{321A1BE0-E19E-4B1B-9720-D46998B3B119}.Debug|Any CPU.Build.0 = Debug|Any CPU
		{321A1BE0-E19E-4B1B-9720-D46998B3B119}.Release|Any CPU.ActiveCfg = Release|Any CPU
		{321A1BE0-E19E-4B1B-9720-D46998B3B119}.Release|Any CPU.Build.0 = Release|Any CPU
		{D0ECAB3B-EEC6-4E61-9CD0-DDE1D03B97C2}.Debug|Any CPU.ActiveCfg = Debug|Any CPU
		{D0ECAB3B-EEC6-4E61-9CD0-DDE1D03B97C2}.Debug|Any CPU.Build.0 = Debug|Any CPU
		{D0ECAB3B-EEC6-4E61-9CD0-DDE1D03B97C2}.Release|Any CPU.ActiveCfg = Release|Any CPU
		{D0ECAB3B-EEC6-4E61-9CD0-DDE1D03B97C2}.Release|Any CPU.Build.0 = Release|Any CPU
		{4840B4AF-B941-4173-BE07-DCB2DF177E1A}.Debug|Any CPU.ActiveCfg = Debug|Any CPU
		{4840B4AF-B941-4173-BE07-DCB2DF177E1A}.Debug|Any CPU.Build.0 = Debug|Any CPU
		{4840B4AF-B941-4173-BE07-DCB2DF177E1A}.Release|Any CPU.ActiveCfg = Release|Any CPU
		{4840B4AF-B941-4173-BE07-DCB2DF177E1A}.Release|Any CPU.Build.0 = Release|Any CPU
	EndGlobalSection
	GlobalSection(SolutionProperties) = preSolution
		HideSolutionNode = FALSE
	EndGlobalSection
	GlobalSection(NestedProjects) = preSolution
		{32AAE294-44DD-44FA-A0C8-647A66A4CFBE} = {48C0FD2B-2654-4674-97F0-C610D40002A4}
		{E867E83B-279D-4889-8666-9E065699177E} = {48C0FD2B-2654-4674-97F0-C610D40002A4}
		{76B7F5B0-7D48-4838-AC2E-7C12E6F4F4F8} = {48C0FD2B-2654-4674-97F0-C610D40002A4}
		{10E5E43E-EF50-4FD0-B9D5-E4A2C121F713} = {48C0FD2B-2654-4674-97F0-C610D40002A4}
		{48C0FD2B-2654-4674-97F0-C610D40002A4} = {6B3F4AA0-4FF3-4918-9184-63BD6C413D2E}
		{2AD25E1F-4EFD-4B91-A825-9DF2A13A102F} = {8E3D7514-F065-49C2-BB3F-6DC571354C2F}
		{6B3F4AA0-4FF3-4918-9184-63BD6C413D2E} = {47BFA302-2E31-42B2-819C-806E3BA314B0}
		{5AB69370-C68B-41C9-8AB6-2E9A4652312C} = {47BFA302-2E31-42B2-819C-806E3BA314B0}
		{713041D6-F60F-44D3-958A-80CB599B1FEF} = {5AB69370-C68B-41C9-8AB6-2E9A4652312C}
		{CDD4DB00-6BED-4653-820D-391D98A4FEBD} = {713041D6-F60F-44D3-958A-80CB599B1FEF}
		{67F6FA7B-F12B-4204-94B3-08DE8AC92C26} = {8E3D7514-F065-49C2-BB3F-6DC571354C2F}
		{45A93A0A-A778-4886-AC22-F68FCCD43920} = {2788517E-CFDD-4712-8421-0AA1697F0417}
		{BDACE645-3104-4E69-9497-E5C25990AB2C} = {8E3D7514-F065-49C2-BB3F-6DC571354C2F}
		{2788517E-CFDD-4712-8421-0AA1697F0417} = {6B3F4AA0-4FF3-4918-9184-63BD6C413D2E}
		{321A1BE0-E19E-4B1B-9720-D46998B3B119} = {2788517E-CFDD-4712-8421-0AA1697F0417}
		{D0ECAB3B-EEC6-4E61-9CD0-DDE1D03B97C2} = {2788517E-CFDD-4712-8421-0AA1697F0417}
		{4840B4AF-B941-4173-BE07-DCB2DF177E1A} = {2788517E-CFDD-4712-8421-0AA1697F0417}
	EndGlobalSection
	GlobalSection(ExtensibilityGlobals) = postSolution
		SolutionGuid = {7CC5EDDF-EB34-43B1-A27A-1EE4C0A393A6}
	EndGlobalSection
EndGlobal
